// !$*UTF8*$!
{
	archiveVersion = 1;
	classes = {
	};
	objectVersion = 77;
	objects = {

/* Begin PBXBuildFile section */
		2BB04D012E5069FF00D9F105 /* SonyRemoteService in Frameworks */ = {isa = PBXBuildFile; productRef = 2BB04D002E5069FF00D9F105 /* SonyRemoteService */; };
/* End PBXBuildFile section */

/* Begin PBXContainerItemProxy section */
		2B850D542E50449B001E44AD /* PBXContainerItemProxy */ = {
			isa = PBXContainerItemProxy;
			containerPortal = 2B850D3B2E504498001E44AD /* Project object */;
			proxyType = 1;
			remoteGlobalIDString = 2B850D422E504499001E44AD;
			remoteInfo = SonyRemoteController;
		};
		2B850D5E2E50449C001E44AD /* PBXContainerItemProxy */ = {
			isa = PBXContainerItemProxy;
			containerPortal = 2B850D3B2E504498001E44AD /* Project object */;
			proxyType = 1;
			remoteGlobalIDString = 2B850D422E504499001E44AD;
			remoteInfo = SonyRemoteController;
		};
/* End PBXContainerItemProxy section */

/* Begin PBXFileReference section */
		2B850D432E504499001E44AD /* SonyRemoteController.app */ = {isa = PBXFileReference; explicitFileType = wrapper.application; includeInIndex = 0; path = SonyRemoteController.app; sourceTree = BUILT_PRODUCTS_DIR; };
		2B850D532E50449B001E44AD /* SonyRemoteControllerTests.xctest */ = {isa = PBXFileReference; explicitFileType = wrapper.cfbundle; includeInIndex = 0; path = SonyRemoteControllerTests.xctest; sourceTree = BUILT_PRODUCTS_DIR; };
		2B850D5D2E50449B001E44AD /* SonyRemoteControllerUITests.xctest */ = {isa = PBXFileReference; explicitFileType = wrapper.cfbundle; includeInIndex = 0; path = SonyRemoteControllerUITests.xctest; sourceTree = BUILT_PRODUCTS_DIR; };
/* End PBXFileReference section */

/* Begin PBXFileSystemSynchronizedBuildFileExceptionSet section */
		2BB04CFE2E5069AF00D9F105 /* Exceptions for "SonyRemoteController" folder in "SonyRemoteController" target */ = {
			isa = PBXFileSystemSynchronizedBuildFileExceptionSet;
			membershipExceptions = (
				DeviceRepository.swift,
			);
			target = 2B850D422E504499001E44AD /* SonyRemoteController */;
		};
/* End PBXFileSystemSynchronizedBuildFileExceptionSet section */

/* Begin PBXFileSystemSynchronizedRootGroup section */
		2B850D452E504499001E44AD /* SonyRemoteController */ = {
			isa = PBXFileSystemSynchronizedRootGroup;
			exceptions = (
				2BB04CFE2E5069AF00D9F105 /* Exceptions for "SonyRemoteController" folder in "SonyRemoteController" target */,
			);
			path = SonyRemoteController;
			sourceTree = "<group>";
		};
		2B850D562E50449B001E44AD /* SonyRemoteControllerTests */ = {
			isa = PBXFileSystemSynchronizedRootGroup;
			path = SonyRemoteControllerTests;
			sourceTree = "<group>";
		};
		2B850D602E50449C001E44AD /* SonyRemoteControllerUITests */ = {
			isa = PBXFileSystemSynchronizedRootGroup;
			path = SonyRemoteControllerUITests;
			sourceTree = "<group>";
		};
/* End PBXFileSystemSynchronizedRootGroup section */

/* Begin PBXFrameworksBuildPhase section */
		2B850D402E504499001E44AD /* Frameworks */ = {
			isa = PBXFrameworksBuildPhase;
			buildActionMask = 2147483647;
			files = (
				2BB04D012E5069FF00D9F105 /* SonyRemoteService in Frameworks */,
			);
			runOnlyForDeploymentPostprocessing = 0;
		};
		2B850D502E50449B001E44AD /* Frameworks */ = {
			isa = PBXFrameworksBuildPhase;
			buildActionMask = 2147483647;
			files = (
			);
			runOnlyForDeploymentPostprocessing = 0;
		};
		2B850D5A2E50449B001E44AD /* Frameworks */ = {
			isa = PBXFrameworksBuildPhase;
			buildActionMask = 2147483647;
			files = (
			);
			runOnlyForDeploymentPostprocessing = 0;
		};
/* End PBXFrameworksBuildPhase section */

/* Begin PBXGroup section */
		2B850D3A2E504498001E44AD = {
			isa = PBXGroup;
			children = (
				2B850D452E504499001E44AD /* SonyRemoteController */,
				2B850D562E50449B001E44AD /* SonyRemoteControllerTests */,
				2B850D602E50449C001E44AD /* SonyRemoteControllerUITests */,
				2BB04CFF2E5069FF00D9F105 /* Frameworks */,
				2B850D442E504499001E44AD /* Products */,
			);
			sourceTree = "<group>";
		};
		2B850D442E504499001E44AD /* Products */ = {
			isa = PBXGroup;
			children = (
				2B850D432E504499001E44AD /* SonyRemoteController.app */,
				2B850D532E50449B001E44AD /* SonyRemoteControllerTests.xctest */,
				2B850D5D2E50449B001E44AD /* SonyRemoteControllerUITests.xctest */,
			);
			name = Products;
			sourceTree = "<group>";
		};
		2BB04CFF2E5069FF00D9F105 /* Frameworks */ = {
			isa = PBXGroup;
			children = (
			);
			name = Frameworks;
			sourceTree = "<group>";
		};
/* End PBXGroup section */

/* Begin PBXNativeTarget section */
		2B850D422E504499001E44AD /* SonyRemoteController */ = {
			isa = PBXNativeTarget;
			buildConfigurationList = 2B850D672E50449C001E44AD /* Build configuration list for PBXNativeTarget "SonyRemoteController" */;
			buildPhases = (
				2B850D3F2E504499001E44AD /* Sources */,
				2B850D402E504499001E44AD /* Frameworks */,
				2B850D412E504499001E44AD /* Resources */,
			);
			buildRules = (
			);
			dependencies = (
			);
			fileSystemSynchronizedGroups = (
				2B850D452E504499001E44AD /* SonyRemoteController */,
			);
			name = SonyRemoteController;
			packageProductDependencies = (
				2BB04D002E5069FF00D9F105 /* SonyRemoteService */,
			);
			productName = SonyRemoteController;
			productReference = 2B850D432E504499001E44AD /* SonyRemoteController.app */;
			productType = "com.apple.product-type.application";
		};
		2B850D522E50449B001E44AD /* SonyRemoteControllerTests */ = {
			isa = PBXNativeTarget;
			buildConfigurationList = 2B850D6A2E50449C001E44AD /* Build configuration list for PBXNativeTarget "SonyRemoteControllerTests" */;
			buildPhases = (
				2B850D4F2E50449B001E44AD /* Sources */,
				2B850D502E50449B001E44AD /* Frameworks */,
				2B850D512E50449B001E44AD /* Resources */,
			);
			buildRules = (
			);
			dependencies = (
				2B850D552E50449B001E44AD /* PBXTargetDependency */,
			);
			fileSystemSynchronizedGroups = (
				2B850D562E50449B001E44AD /* SonyRemoteControllerTests */,
			);
			name = SonyRemoteControllerTests;
			packageProductDependencies = (
			);
			productName = SonyRemoteControllerTests;
			productReference = 2B850D532E50449B001E44AD /* SonyRemoteControllerTests.xctest */;
			productType = "com.apple.product-type.bundle.unit-test";
		};
		2B850D5C2E50449B001E44AD /* SonyRemoteControllerUITests */ = {
			isa = PBXNativeTarget;
			buildConfigurationList = 2B850D6D2E50449C001E44AD /* Build configuration list for PBXNativeTarget "SonyRemoteControllerUITests" */;
			buildPhases = (
				2B850D592E50449B001E44AD /* Sources */,
				2B850D5A2E50449B001E44AD /* Frameworks */,
				2B850D5B2E50449B001E44AD /* Resources */,
			);
			buildRules = (
			);
			dependencies = (
				2B850D5F2E50449C001E44AD /* PBXTargetDependency */,
			);
			fileSystemSynchronizedGroups = (
				2B850D602E50449C001E44AD /* SonyRemoteControllerUITests */,
			);
			name = SonyRemoteControllerUITests;
			packageProductDependencies = (
			);
			productName = SonyRemoteControllerUITests;
			productReference = 2B850D5D2E50449B001E44AD /* SonyRemoteControllerUITests.xctest */;
			productType = "com.apple.product-type.bundle.ui-testing";
		};
/* End PBXNativeTarget section */

/* Begin PBXProject section */
		2B850D3B2E504498001E44AD /* Project object */ = {
			isa = PBXProject;
			attributes = {
				BuildIndependentTargetsInParallel = 1;
				LastSwiftUpdateCheck = 1610;
				LastUpgradeCheck = 1610;
				TargetAttributes = {
					2B850D422E504499001E44AD = {
						CreatedOnToolsVersion = 16.1;
					};
					2B850D522E50449B001E44AD = {
						CreatedOnToolsVersion = 16.1;
						TestTargetID = 2B850D422E504499001E44AD;
					};
					2B850D5C2E50449B001E44AD = {
						CreatedOnToolsVersion = 16.1;
						TestTargetID = 2B850D422E504499001E44AD;
					};
				};
			};
			buildConfigurationList = 2B850D3E2E504498001E44AD /* Build configuration list for PBXProject "SonyRemoteController" */;
			developmentRegion = en;
			hasScannedForEncodings = 0;
			knownRegions = (
				en,
				Base,
			);
			mainGroup = 2B850D3A2E504498001E44AD;
			minimizedProjectReferenceProxies = 1;
			packageReferences = (
				2BB04CCD2E50660600D9F105 /* XCLocalSwiftPackageReference "SonyRemoteService" */,
			);
			preferredProjectObjectVersion = 77;
			productRefGroup = 2B850D442E504499001E44AD /* Products */;
			projectDirPath = "";
			projectRoot = "";
			targets = (
				2B850D422E504499001E44AD /* SonyRemoteController */,
				2B850D522E50449B001E44AD /* SonyRemoteControllerTests */,
				2B850D5C2E50449B001E44AD /* SonyRemoteControllerUITests */,
			);
		};
/* End PBXProject section */

/* Begin PBXResourcesBuildPhase section */
		2B850D412E504499001E44AD /* Resources */ = {
			isa = PBXResourcesBuildPhase;
			buildActionMask = 2147483647;
			files = (
			);
			runOnlyForDeploymentPostprocessing = 0;
		};
		2B850D512E50449B001E44AD /* Resources */ = {
			isa = PBXResourcesBuildPhase;
			buildActionMask = 2147483647;
			files = (
			);
			runOnlyForDeploymentPostprocessing = 0;
		};
		2B850D5B2E50449B001E44AD /* Resources */ = {
			isa = PBXResourcesBuildPhase;
			buildActionMask = 2147483647;
			files = (
			);
			runOnlyForDeploymentPostprocessing = 0;
		};
/* End PBXResourcesBuildPhase section */

/* Begin PBXSourcesBuildPhase section */
		2B850D3F2E504499001E44AD /* Sources */ = {
			isa = PBXSourcesBuildPhase;
			buildActionMask = 2147483647;
			files = (
			);
			runOnlyForDeploymentPostprocessing = 0;
		};
		2B850D4F2E50449B001E44AD /* Sources */ = {
			isa = PBXSourcesBuildPhase;
			buildActionMask = 2147483647;
			files = (
			);
			runOnlyForDeploymentPostprocessing = 0;
		};
		2B850D592E50449B001E44AD /* Sources */ = {
			isa = PBXSourcesBuildPhase;
			buildActionMask = 2147483647;
			files = (
			);
			runOnlyForDeploymentPostprocessing = 0;
		};
/* End PBXSourcesBuildPhase section */

/* Begin PBXTargetDependency section */
		2B850D552E50449B001E44AD /* PBXTargetDependency */ = {
			isa = PBXTargetDependency;
			target = 2B850D422E504499001E44AD /* SonyRemoteController */;
			targetProxy = 2B850D542E50449B001E44AD /* PBXContainerItemProxy */;
		};
		2B850D5F2E50449C001E44AD /* PBXTargetDependency */ = {
			isa = PBXTargetDependency;
			target = 2B850D422E504499001E44AD /* SonyRemoteController */;
			targetProxy = 2B850D5E2E50449C001E44AD /* PBXContainerItemProxy */;
		};
/* End PBXTargetDependency section */

/* Begin XCBuildConfiguration section */
		2B850D652E50449C001E44AD /* Debug */ = {
			isa = XCBuildConfiguration;
			buildSettings = {
				ALWAYS_SEARCH_USER_PATHS = NO;
				ASSETCATALOG_COMPILER_GENERATE_SWIFT_ASSET_SYMBOL_EXTENSIONS = YES;
				CLANG_ANALYZER_NONNULL = YES;
				CLANG_ANALYZER_NUMBER_OBJECT_CONVERSION = YES_AGGRESSIVE;
				CLANG_CXX_LANGUAGE_STANDARD = "gnu++20";
				CLANG_ENABLE_MODULES = YES;
				CLANG_ENABLE_OBJC_ARC = YES;
				CLANG_ENABLE_OBJC_WEAK = YES;
				CLANG_WARN_BLOCK_CAPTURE_AUTORELEASING = YES;
				CLANG_WARN_BOOL_CONVERSION = YES;
				CLANG_WARN_COMMA = YES;
				CLANG_WARN_CONSTANT_CONVERSION = YES;
				CLANG_WARN_DEPRECATED_OBJC_IMPLEMENTATIONS = YES;
				CLANG_WARN_DIRECT_OBJC_ISA_USAGE = YES_ERROR;
				CLANG_WARN_DOCUMENTATION_COMMENTS = YES;
				CLANG_WARN_EMPTY_BODY = YES;
				CLANG_WARN_ENUM_CONVERSION = YES;
				CLANG_WARN_INFINITE_RECURSION = YES;
				CLANG_WARN_INT_CONVERSION = YES;
				CLANG_WARN_NON_LITERAL_NULL_CONVERSION = YES;
				CLANG_WARN_OBJC_IMPLICIT_RETAIN_SELF = YES;
				CLANG_WARN_OBJC_LITERAL_CONVERSION = YES;
				CLANG_WARN_OBJC_ROOT_CLASS = YES_ERROR;
				CLANG_WARN_QUOTED_INCLUDE_IN_FRAMEWORK_HEADER = YES;
				CLANG_WARN_RANGE_LOOP_ANALYSIS = YES;
				CLANG_WARN_STRICT_PROTOTYPES = YES;
				CLANG_WARN_SUSPICIOUS_MOVE = YES;
				CLANG_WARN_UNGUARDED_AVAILABILITY = YES_AGGRESSIVE;
				CLANG_WARN_UNREACHABLE_CODE = YES;
				CLANG_WARN__DUPLICATE_METHOD_MATCH = YES;
				COPY_PHASE_STRIP = NO;
				DEBUG_INFORMATION_FORMAT = dwarf;
				ENABLE_STRICT_OBJC_MSGSEND = YES;
				ENABLE_TESTABILITY = YES;
				ENABLE_USER_SCRIPT_SANDBOXING = YES;
				GCC_C_LANGUAGE_STANDARD = gnu17;
				GCC_DYNAMIC_NO_PIC = NO;
				GCC_NO_COMMON_BLOCKS = YES;
				GCC_OPTIMIZATION_LEVEL = 0;
				GCC_PREPROCESSOR_DEFINITIONS = (
					"DEBUG=1",
					"$(inherited)",
				);
				GCC_WARN_64_TO_32_BIT_CONVERSION = YES;
				GCC_WARN_ABOUT_RETURN_TYPE = YES_ERROR;
				GCC_WARN_UNDECLARED_SELECTOR = YES;
				GCC_WARN_UNINITIALIZED_AUTOS = YES_AGGRESSIVE;
				GCC_WARN_UNUSED_FUNCTION = YES;
				GCC_WARN_UNUSED_VARIABLE = YES;
				IPHONEOS_DEPLOYMENT_TARGET = 18.1;
				LOCALIZATION_PREFERS_STRING_CATALOGS = YES;
				MTL_ENABLE_DEBUG_INFO = INCLUDE_SOURCE;
				MTL_FAST_MATH = YES;
				ONLY_ACTIVE_ARCH = YES;
				SDKROOT = iphoneos;
				SWIFT_ACTIVE_COMPILATION_CONDITIONS = "DEBUG $(inherited)";
				SWIFT_OPTIMIZATION_LEVEL = "-Onone";
			};
			name = Debug;
		};
		2B850D662E50449C001E44AD /* Release */ = {
			isa = XCBuildConfiguration;
			buildSettings = {
				ALWAYS_SEARCH_USER_PATHS = NO;
				ASSETCATALOG_COMPILER_GENERATE_SWIFT_ASSET_SYMBOL_EXTENSIONS = YES;
				CLANG_ANALYZER_NONNULL = YES;
				CLANG_ANALYZER_NUMBER_OBJECT_CONVERSION = YES_AGGRESSIVE;
				CLANG_CXX_LANGUAGE_STANDARD = "gnu++20";
				CLANG_ENABLE_MODULES = YES;
				CLANG_ENABLE_OBJC_ARC = YES;
				CLANG_ENABLE_OBJC_WEAK = YES;
				CLANG_WARN_BLOCK_CAPTURE_AUTORELEASING = YES;
				CLANG_WARN_BOOL_CONVERSION = YES;
				CLANG_WARN_COMMA = YES;
				CLANG_WARN_CONSTANT_CONVERSION = YES;
				CLANG_WARN_DEPRECATED_OBJC_IMPLEMENTATIONS = YES;
				CLANG_WARN_DIRECT_OBJC_ISA_USAGE = YES_ERROR;
				CLANG_WARN_DOCUMENTATION_COMMENTS = YES;
				CLANG_WARN_EMPTY_BODY = YES;
				CLANG_WARN_ENUM_CONVERSION = YES;
				CLANG_WARN_INFINITE_RECURSION = YES;
				CLANG_WARN_INT_CONVERSION = YES;
				CLANG_WARN_NON_LITERAL_NULL_CONVERSION = YES;
				CLANG_WARN_OBJC_IMPLICIT_RETAIN_SELF = YES;
				CLANG_WARN_OBJC_LITERAL_CONVERSION = YES;
				CLANG_WARN_OBJC_ROOT_CLASS = YES_ERROR;
				CLANG_WARN_QUOTED_INCLUDE_IN_FRAMEWORK_HEADER = YES;
				CLANG_WARN_RANGE_LOOP_ANALYSIS = YES;
				CLANG_WARN_STRICT_PROTOTYPES = YES;
				CLANG_WARN_SUSPICIOUS_MOVE = YES;
				CLANG_WARN_UNGUARDED_AVAILABILITY = YES_AGGRESSIVE;
				CLANG_WARN_UNREACHABLE_CODE = YES;
				CLANG_WARN__DUPLICATE_METHOD_MATCH = YES;
				COPY_PHASE_STRIP = NO;
				DEBUG_INFORMATION_FORMAT = "dwarf-with-dsym";
				ENABLE_NS_ASSERTIONS = NO;
				ENABLE_STRICT_OBJC_MSGSEND = YES;
				ENABLE_USER_SCRIPT_SANDBOXING = YES;
				GCC_C_LANGUAGE_STANDARD = gnu17;
				GCC_NO_COMMON_BLOCKS = YES;
				GCC_WARN_64_TO_32_BIT_CONVERSION = YES;
				GCC_WARN_ABOUT_RETURN_TYPE = YES_ERROR;
				GCC_WARN_UNDECLARED_SELECTOR = YES;
				GCC_WARN_UNINITIALIZED_AUTOS = YES_AGGRESSIVE;
				GCC_WARN_UNUSED_FUNCTION = YES;
				GCC_WARN_UNUSED_VARIABLE = YES;
				IPHONEOS_DEPLOYMENT_TARGET = 18.1;
				LOCALIZATION_PREFERS_STRING_CATALOGS = YES;
				MTL_ENABLE_DEBUG_INFO = NO;
				MTL_FAST_MATH = YES;
				SDKROOT = iphoneos;
				SWIFT_COMPILATION_MODE = wholemodule;
				VALIDATE_PRODUCT = YES;
			};
			name = Release;
		};
		2B850D682E50449C001E44AD /* Debug */ = {
			isa = XCBuildConfiguration;
			buildSettings = {
				ASSETCATALOG_COMPILER_APPICON_NAME = AppIcon;
				ASSETCATALOG_COMPILER_GLOBAL_ACCENT_COLOR_NAME = AccentColor;
				CODE_SIGN_STYLE = Automatic;
				CURRENT_PROJECT_VERSION = 1;
				DEVELOPMENT_ASSET_PATHS = "\"SonyRemoteController/Preview Content\"";
				ENABLE_PREVIEWS = YES;
				GENERATE_INFOPLIST_FILE = YES;
				INFOPLIST_KEY_UIApplicationSceneManifest_Generation = YES;
				INFOPLIST_KEY_UIApplicationSupportsIndirectInputEvents = YES;
				INFOPLIST_KEY_UILaunchScreen_Generation = YES;
				INFOPLIST_KEY_UISupportedInterfaceOrientations_iPad = "UIInterfaceOrientationPortrait UIInterfaceOrientationPortraitUpsideDown UIInterfaceOrientationLandscapeLeft UIInterfaceOrientationLandscapeRight";
				INFOPLIST_KEY_UISupportedInterfaceOrientations_iPhone = "UIInterfaceOrientationPortrait UIInterfaceOrientationLandscapeLeft UIInterfaceOrientationLandscapeRight";
				LD_RUNPATH_SEARCH_PATHS = (
					"$(inherited)",
					"@executable_path/Frameworks",
				);
				MARKETING_VERSION = 1.0;
				PRODUCT_BUNDLE_IDENTIFIER = demo.SonyRemoteController;
				PRODUCT_NAME = "$(TARGET_NAME)";
				SWIFT_EMIT_LOC_STRINGS = YES;
				SWIFT_VERSION = 5.0;
				TARGETED_DEVICE_FAMILY = "1,2";
			};
			name = Debug;
		};
		2B850D692E50449C001E44AD /* Release */ = {
			isa = XCBuildConfiguration;
			buildSettings = {
				ASSETCATALOG_COMPILER_APPICON_NAME = AppIcon;
				ASSETCATALOG_COMPILER_GLOBAL_ACCENT_COLOR_NAME = AccentColor;
				CODE_SIGN_STYLE = Automatic;
				CURRENT_PROJECT_VERSION = 1;
				DEVELOPMENT_ASSET_PATHS = "\"SonyRemoteController/Preview Content\"";
				ENABLE_PREVIEWS = YES;
				GENERATE_INFOPLIST_FILE = YES;
				INFOPLIST_KEY_UIApplicationSceneManifest_Generation = YES;
				INFOPLIST_KEY_UIApplicationSupportsIndirectInputEvents = YES;
				INFOPLIST_KEY_UILaunchScreen_Generation = YES;
				INFOPLIST_KEY_UISupportedInterfaceOrientations_iPad = "UIInterfaceOrientationPortrait UIInterfaceOrientationPortraitUpsideDown UIInterfaceOrientationLandscapeLeft UIInterfaceOrientationLandscapeRight";
				INFOPLIST_KEY_UISupportedInterfaceOrientations_iPhone = "UIInterfaceOrientationPortrait UIInterfaceOrientationLandscapeLeft UIInterfaceOrientationLandscapeRight";
				LD_RUNPATH_SEARCH_PATHS = (
					"$(inherited)",
					"@executable_path/Frameworks",
				);
				MARKETING_VERSION = 1.0;
				PRODUCT_BUNDLE_IDENTIFIER = demo.SonyRemoteController;
				PRODUCT_NAME = "$(TARGET_NAME)";
				SWIFT_EMIT_LOC_STRINGS = YES;
				SWIFT_VERSION = 5.0;
				TARGETED_DEVICE_FAMILY = "1,2";
			};
			name = Release;
		};
		2B850D6B2E50449C001E44AD /* Debug */ = {
			isa = XCBuildConfiguration;
			buildSettings = {
				BUNDLE_LOADER = "$(TEST_HOST)";
				CODE_SIGN_STYLE = Automatic;
				CURRENT_PROJECT_VERSION = 1;
				GENERATE_INFOPLIST_FILE = YES;
				IPHONEOS_DEPLOYMENT_TARGET = 18.1;
				MARKETING_VERSION = 1.0;
				PRODUCT_BUNDLE_IDENTIFIER = demo.SonyRemoteControllerTests;
				PRODUCT_NAME = "$(TARGET_NAME)";
				SWIFT_EMIT_LOC_STRINGS = NO;
				SWIFT_VERSION = 5.0;
				TARGETED_DEVICE_FAMILY = "1,2";
				TEST_HOST = "$(BUILT_PRODUCTS_DIR)/SonyRemoteController.app/$(BUNDLE_EXECUTABLE_FOLDER_PATH)/SonyRemoteController";
			};
			name = Debug;
		};
		2B850D6C2E50449C001E44AD /* Release */ = {
			isa = XCBuildConfiguration;
			buildSettings = {
				BUNDLE_LOADER = "$(TEST_HOST)";
				CODE_SIGN_STYLE = Automatic;
				CURRENT_PROJECT_VERSION = 1;
				GENERATE_INFOPLIST_FILE = YES;
				IPHONEOS_DEPLOYMENT_TARGET = 18.1;
				MARKETING_VERSION = 1.0;
				PRODUCT_BUNDLE_IDENTIFIER = demo.SonyRemoteControllerTests;
				PRODUCT_NAME = "$(TARGET_NAME)";
				SWIFT_EMIT_LOC_STRINGS = NO;
				SWIFT_VERSION = 5.0;
				TARGETED_DEVICE_FAMILY = "1,2";
				TEST_HOST = "$(BUILT_PRODUCTS_DIR)/SonyRemoteController.app/$(BUNDLE_EXECUTABLE_FOLDER_PATH)/SonyRemoteController";
			};
			name = Release;
		};
		2B850D6E2E50449C001E44AD /* Debug */ = {
			isa = XCBuildConfiguration;
			buildSettings = {
				CODE_SIGN_STYLE = Automatic;
				CURRENT_PROJECT_VERSION = 1;
				GENERATE_INFOPLIST_FILE = YES;
				MARKETING_VERSION = 1.0;
				PRODUCT_BUNDLE_IDENTIFIER = demo.SonyRemoteControllerUITests;
				PRODUCT_NAME = "$(TARGET_NAME)";
				SWIFT_EMIT_LOC_STRINGS = NO;
				SWIFT_VERSION = 5.0;
				TARGETED_DEVICE_FAMILY = "1,2";
				TEST_TARGET_NAME = SonyRemoteController;
			};
			name = Debug;
		};
		2B850D6F2E50449C001E44AD /* Release */ = {
			isa = XCBuildConfiguration;
			buildSettings = {
				CODE_SIGN_STYLE = Automatic;
				CURRENT_PROJECT_VERSION = 1;
				GENERATE_INFOPLIST_FILE = YES;
				MARKETING_VERSION = 1.0;
				PRODUCT_BUNDLE_IDENTIFIER = demo.SonyRemoteControllerUITests;
				PRODUCT_NAME = "$(TARGET_NAME)";
				SWIFT_EMIT_LOC_STRINGS = NO;
				SWIFT_VERSION = 5.0;
				TARGETED_DEVICE_FAMILY = "1,2";
				TEST_TARGET_NAME = SonyRemoteController;
			};
			name = Release;
		};
/* End XCBuildConfiguration section */

/* Begin XCConfigurationList section */
		2B850D3E2E504498001E44AD /* Build configuration list for PBXProject "SonyRemoteController" */ = {
			isa = XCConfigurationList;
			buildConfigurations = (
				2B850D652E50449C001E44AD /* Debug */,
				2B850D662E50449C001E44AD /* Release */,
			);
			defaultConfigurationIsVisible = 0;
			defaultConfigurationName = Release;
		};
		2B850D672E50449C001E44AD /* Build configuration list for PBXNativeTarget "SonyRemoteController" */ = {
			isa = XCConfigurationList;
			buildConfigurations = (
				2B850D682E50449C001E44AD /* Debug */,
				2B850D692E50449C001E44AD /* Release */,
			);
			defaultConfigurationIsVisible = 0;
			defaultConfigurationName = Release;
		};
		2B850D6A2E50449C001E44AD /* Build configuration list for PBXNativeTarget "SonyRemoteControllerTests" */ = {
			isa = XCConfigurationList;
			buildConfigurations = (
				2B850D6B2E50449C001E44AD /* Debug */,
				2B850D6C2E50449C001E44AD /* Release */,
			);
			defaultConfigurationIsVisible = 0;
			defaultConfigurationName = Release;
		};
		2B850D6D2E50449C001E44AD /* Build configuration list for PBXNativeTarget "SonyRemoteControllerUITests" */ = {
			isa = XCConfigurationList;
			buildConfigurations = (
				2B850D6E2E50449C001E44AD /* Debug */,
				2B850D6F2E50449C001E44AD /* Release */,
			);
			defaultConfigurationIsVisible = 0;
			defaultConfigurationName = Release;
		};
/* End XCConfigurationList section */

/* Begin XCLocalSwiftPackageReference section */
		2BB04CCD2E50660600D9F105 /* XCLocalSwiftPackageReference "SonyRemoteService" */ = {
			isa = XCLocalSwiftPackageReference;
			relativePath = SonyRemoteService;
		};
/* End XCLocalSwiftPackageReference section */

/* Begin XCSwiftPackageProductDependency section */
		2BB04D002E5069FF00D9F105 /* SonyRemoteService */ = {
			isa = XCSwiftPackageProductDependency;
			package = 2BB04CCD2E50660600D9F105 /* XCLocalSwiftPackageReference "SonyRemoteService" */;
			productName = SonyRemoteService;
		};
/* End XCSwiftPackageProductDependency section */
	};
	rootObject = 2B850D3B2E504498001E44AD /* Project object */;
}
